
Microsoft Visual Studio Solution File, Format Version 12.00
# Visual Studio Version 16
VisualStudioVersion = 16.0.30204.135
MinimumVisualStudioVersion = 10.0.40219.1
Project("{9A19103F-16F7-4668-BE54-9A1E7A4F7556}") = "ServerFTM", "ServerFTM\ServerFTM.csproj", "{D38113A2-156A-431A-B829-631ED4713310}"
EndProject
Project("{9A19103F-16F7-4668-BE54-9A1E7A4F7556}") = "API.Shared", "API.Shared\API.Shared.csproj", "{029809B2-4CAF-4AD2-BBFA-1EC7DEC1C415}"
EndProject
Project("{9A19103F-16F7-4668-BE54-9A1E7A4F7556}") = "Library", "DTO\Library.csproj", "{F8C5E8FB-2E59-439C-A88D-90289E5A2B1C}"
EndProject
Global
	GlobalSection(SolutionConfigurationPlatforms) = preSolution
		Debug|Any CPU = Debug|Any CPU
		Release|Any CPU = Release|Any CPU
	EndGlobalSection
	GlobalSection(ProjectConfigurationPlatforms) = postSolution
		{D38113A2-156A-431A-B829-631ED4713310}.Debug|Any CPU.ActiveCfg = Debug|Any CPU
		{D38113A2-156A-431A-B829-631ED4713310}.Debug|Any CPU.Build.0 = Debug|Any CPU
		{D38113A2-156A-431A-B829-631ED4713310}.Release|Any CPU.ActiveCfg = Release|Any CPU
		{D38113A2-156A-431A-B829-631ED4713310}.Release|Any CPU.Build.0 = Release|Any CPU
		{029809B2-4CAF-4AD2-BBFA-1EC7DEC1C415}.Debug|Any CPU.ActiveCfg = Debug|Any CPU
		{029809B2-4CAF-4AD2-BBFA-1EC7DEC1C415}.Debug|Any CPU.Build.0 = Debug|Any CPU
		{029809B2-4CAF-4AD2-BBFA-1EC7DEC1C415}.Release|Any CPU.ActiveCfg = Release|Any CPU
		{029809B2-4CAF-4AD2-BBFA-1EC7DEC1C415}.Release|Any CPU.Build.0 = Release|Any CPU
		{F8C5E8FB-2E59-439C-A88D-90289E5A2B1C}.Debug|Any CPU.ActiveCfg = Debug|Any CPU
		{F8C5E8FB-2E59-439C-A88D-90289E5A2B1C}.Debug|Any CPU.Build.0 = Debug|Any CPU
		{F8C5E8FB-2E59-439C-A88D-90289E5A2B1C}.Release|Any CPU.ActiveCfg = Release|Any CPU
		{F8C5E8FB-2E59-439C-A88D-90289E5A2B1C}.Release|Any CPU.Build.0 = Release|Any CPU
	EndGlobalSection
	GlobalSection(SolutionProperties) = preSolution
		HideSolutionNode = FALSE
	EndGlobalSection
	GlobalSection(ExtensibilityGlobals) = postSolution
		SolutionGuid = {86142964-04CE-4F92-A297-628CEDC660ED}
	EndGlobalSection
EndGlobal
